
Microsoft Visual Studio Solution File, Format Version 12.00
# Visual Studio 14
VisualStudioVersion = 14.0.25420.1
MinimumVisualStudioVersion = 10.0.40219.1
Project("{FAE04EC0-301F-11D3-BF4B-00C04F79EFBC}") = "ControlWindows", "ControlWindows\ControlWindows.csproj", "{4231B9D4-65FD-4523-9DA1-CFD8B2A00229}"
EndProject
Project("{FAE04EC0-301F-11D3-BF4B-00C04F79EFBC}") = "EN-ES-Traductor", "EN-ES-Traductor\EN-ES-Traductor.csproj", "{0FE21E99-312F-4151-8C0F-4E63E178F2BD}"
EndProject
Global
	GlobalSection(SolutionConfigurationPlatforms) = preSolution
		Debug|Any CPU = Debug|Any CPU
		Release|Any CPU = Release|Any CPU
	EndGlobalSection
	GlobalSection(ProjectConfigurationPlatforms) = postSolution
		{4231B9D4-65FD-4523-9DA1-CFD8B2A00229}.Debug|Any CPU.ActiveCfg = Debug|Any CPU
		{4231B9D4-65FD-4523-9DA1-CFD8B2A00229}.Debug|Any CPU.Build.0 = Debug|Any CPU
		{4231B9D4-65FD-4523-9DA1-CFD8B2A00229}.Release|Any CPU.ActiveCfg = Release|Any CPU
		{4231B9D4-65FD-4523-9DA1-CFD8B2A00229}.Release|Any CPU.Build.0 = Release|Any CPU
		{0FE21E99-312F-4151-8C0F-4E63E178F2BD}.Debug|Any CPU.ActiveCfg = Debug|Any CPU
		{0FE21E99-312F-4151-8C0F-4E63E178F2BD}.Debug|Any CPU.Build.0 = Debug|Any CPU
		{0FE21E99-312F-4151-8C0F-4E63E178F2BD}.Release|Any CPU.ActiveCfg = Release|Any CPU
		{0FE21E99-312F-4151-8C0F-4E63E178F2BD}.Release|Any CPU.Build.0 = Release|Any CPU
	EndGlobalSection
	GlobalSection(SolutionProperties) = preSolution
		HideSolutionNode = FALSE
	EndGlobalSection
EndGlobal
